
Microsoft Visual Studio Solution File, Format Version 12.00
# Visual Studio Version 16
VisualStudioVersion = 16.0.30709.132
MinimumVisualStudioVersion = 10.0.40219.1
Project("{9A19103F-16F7-4668-BE54-9A1E7A4F7556}") = "Day1.Task1", "src\day1\task1\Day1.Task1.csproj", "{2AF7C6E2-910D-4B60-9D90-B88072C7153E}"
EndProject
Project("{9A19103F-16F7-4668-BE54-9A1E7A4F7556}") = "Day1.Task2", "src\day1\task2\Day1.Task2.csproj", "{13C7899C-9C71-43C4-9E83-F8ACC5BF8133}"
EndProject
Project("{9A19103F-16F7-4668-BE54-9A1E7A4F7556}") = "Day2.Task1", "src\day2\task1\Day2.Task1.csproj", "{5752F629-5797-41BC-9658-FEC9C9FBE81B}"
EndProject
Project("{9A19103F-16F7-4668-BE54-9A1E7A4F7556}") = "Day2.Task2", "src\day2\task2\Day2.Task2.csproj", "{556B4F69-BF68-49A0-BC02-EE0A165E79D6}"
EndProject
Project("{9A19103F-16F7-4668-BE54-9A1E7A4F7556}") = "Day3.Task1", "src\day3\task1\Day3.Task1.csproj", "{168E7F4B-FF2F-4EB0-A179-8EF5F1B29F16}"
EndProject
Project("{9A19103F-16F7-4668-BE54-9A1E7A4F7556}") = "Day3.Task2", "src\day3\task2\Day3.Task2.csproj", "{E54C35C6-FC65-41E1-BCCB-D686F47AE42E}"
EndProject
Project("{9A19103F-16F7-4668-BE54-9A1E7A4F7556}") = "Day4.Task1", "src\day4\task1\Day4.Task1.csproj", "{05545FE0-96E1-4FF1-B066-979885A1F298}"
EndProject
Project("{9A19103F-16F7-4668-BE54-9A1E7A4F7556}") = "Day4.Task2", "src\day4\task2\Day4.Task2.csproj", "{B6075395-59AD-4FD0-9C6F-E153652EEC7E}"
EndProject
Project("{FAE04EC0-301F-11D3-BF4B-00C04F79EFBC}") = "Day5.Task1", "src\day5\task1\Day5.Task1.csproj", "{6E67576B-032C-4AD9-B5D2-0FC07E41CB40}"
EndProject
Project("{FAE04EC0-301F-11D3-BF4B-00C04F79EFBC}") = "Day5.Task2", "src\day5\task2\Day5.Task2.csproj", "{506A9B64-BE77-4FF2-984A-99F42A0BFAEE}"
EndProject
Project("{FAE04EC0-301F-11D3-BF4B-00C04F79EFBC}") = "Day6.Task1", "src\day6\task1\Day6.Task1.csproj", "{E5F6DCBF-D9CF-4C75-95C8-C249D915F333}"
EndProject
Project("{FAE04EC0-301F-11D3-BF4B-00C04F79EFBC}") = "Day6.Task2", "src\day6\task2\Day6.Task2.csproj", "{A0D4135C-F6A0-486E-9140-95ABA0C60176}"
EndProject
Project("{FAE04EC0-301F-11D3-BF4B-00C04F79EFBC}") = "Day7.Task1", "src\day7\task1\Day7.Task1.csproj", "{1A5FCD9E-1C89-4438-A8FC-2B3D062D6200}"
EndProject
Project("{FAE04EC0-301F-11D3-BF4B-00C04F79EFBC}") = "Day7.Task2", "src\day7\task2\Day7.Task2.csproj", "{12B4D98F-ACFC-4908-972B-8852D73D730C}"
EndProject
Project("{FAE04EC0-301F-11D3-BF4B-00C04F79EFBC}") = "Day8.Task1", "src\day8\task1\Day8.Task1.csproj", "{25AA887D-9585-4DC3-8BA0-1074C0842EA1}"
EndProject
Project("{FAE04EC0-301F-11D3-BF4B-00C04F79EFBC}") = "Day8.Task2", "src\day8\task2\Day8.Task2.csproj", "{792991B3-DB56-473D-9D79-182D9117DF0E}"
EndProject
Project("{FAE04EC0-301F-11D3-BF4B-00C04F79EFBC}") = "Day9.Task1", "src\day9\task1\Day9.Task1.csproj", "{ECFF4288-147E-48DC-A2C0-1736D46D69F9}"
EndProject
Project("{FAE04EC0-301F-11D3-BF4B-00C04F79EFBC}") = "Day9.Task2", "src\day9\task2\Day9.Task2.csproj", "{B900CD85-F7B2-44B5-8284-B6581B516787}"
EndProject
Project("{FAE04EC0-301F-11D3-BF4B-00C04F79EFBC}") = "Day10.Task1", "src\day10\task1\Day10.Task1.csproj", "{E9A65681-1335-47BD-9D99-F68ED5202062}"
EndProject
Global
	GlobalSection(SolutionConfigurationPlatforms) = preSolution
		Debug|Any CPU = Debug|Any CPU
		Release|Any CPU = Release|Any CPU
	EndGlobalSection
	GlobalSection(ProjectConfigurationPlatforms) = postSolution
		{2AF7C6E2-910D-4B60-9D90-B88072C7153E}.Debug|Any CPU.ActiveCfg = Debug|Any CPU
		{2AF7C6E2-910D-4B60-9D90-B88072C7153E}.Debug|Any CPU.Build.0 = Debug|Any CPU
		{2AF7C6E2-910D-4B60-9D90-B88072C7153E}.Release|Any CPU.ActiveCfg = Release|Any CPU
		{2AF7C6E2-910D-4B60-9D90-B88072C7153E}.Release|Any CPU.Build.0 = Release|Any CPU
		{13C7899C-9C71-43C4-9E83-F8ACC5BF8133}.Debug|Any CPU.ActiveCfg = Debug|Any CPU
		{13C7899C-9C71-43C4-9E83-F8ACC5BF8133}.Debug|Any CPU.Build.0 = Debug|Any CPU
		{13C7899C-9C71-43C4-9E83-F8ACC5BF8133}.Release|Any CPU.ActiveCfg = Release|Any CPU
		{13C7899C-9C71-43C4-9E83-F8ACC5BF8133}.Release|Any CPU.Build.0 = Release|Any CPU
		{5752F629-5797-41BC-9658-FEC9C9FBE81B}.Debug|Any CPU.ActiveCfg = Debug|Any CPU
		{5752F629-5797-41BC-9658-FEC9C9FBE81B}.Debug|Any CPU.Build.0 = Debug|Any CPU
		{5752F629-5797-41BC-9658-FEC9C9FBE81B}.Release|Any CPU.ActiveCfg = Release|Any CPU
		{5752F629-5797-41BC-9658-FEC9C9FBE81B}.Release|Any CPU.Build.0 = Release|Any CPU
		{556B4F69-BF68-49A0-BC02-EE0A165E79D6}.Debug|Any CPU.ActiveCfg = Debug|Any CPU
		{556B4F69-BF68-49A0-BC02-EE0A165E79D6}.Debug|Any CPU.Build.0 = Debug|Any CPU
		{556B4F69-BF68-49A0-BC02-EE0A165E79D6}.Release|Any CPU.ActiveCfg = Release|Any CPU
		{556B4F69-BF68-49A0-BC02-EE0A165E79D6}.Release|Any CPU.Build.0 = Release|Any CPU
		{168E7F4B-FF2F-4EB0-A179-8EF5F1B29F16}.Debug|Any CPU.ActiveCfg = Debug|Any CPU
		{168E7F4B-FF2F-4EB0-A179-8EF5F1B29F16}.Debug|Any CPU.Build.0 = Debug|Any CPU
		{168E7F4B-FF2F-4EB0-A179-8EF5F1B29F16}.Release|Any CPU.ActiveCfg = Release|Any CPU
		{168E7F4B-FF2F-4EB0-A179-8EF5F1B29F16}.Release|Any CPU.Build.0 = Release|Any CPU
		{E54C35C6-FC65-41E1-BCCB-D686F47AE42E}.Debug|Any CPU.ActiveCfg = Debug|Any CPU
		{E54C35C6-FC65-41E1-BCCB-D686F47AE42E}.Debug|Any CPU.Build.0 = Debug|Any CPU
		{E54C35C6-FC65-41E1-BCCB-D686F47AE42E}.Release|Any CPU.ActiveCfg = Release|Any CPU
		{E54C35C6-FC65-41E1-BCCB-D686F47AE42E}.Release|Any CPU.Build.0 = Release|Any CPU
		{05545FE0-96E1-4FF1-B066-979885A1F298}.Debug|Any CPU.ActiveCfg = Debug|Any CPU
		{05545FE0-96E1-4FF1-B066-979885A1F298}.Debug|Any CPU.Build.0 = Debug|Any CPU
		{05545FE0-96E1-4FF1-B066-979885A1F298}.Release|Any CPU.ActiveCfg = Release|Any CPU
		{05545FE0-96E1-4FF1-B066-979885A1F298}.Release|Any CPU.Build.0 = Release|Any CPU
		{B6075395-59AD-4FD0-9C6F-E153652EEC7E}.Debug|Any CPU.ActiveCfg = Debug|Any CPU
		{B6075395-59AD-4FD0-9C6F-E153652EEC7E}.Debug|Any CPU.Build.0 = Debug|Any CPU
		{B6075395-59AD-4FD0-9C6F-E153652EEC7E}.Release|Any CPU.ActiveCfg = Release|Any CPU
		{B6075395-59AD-4FD0-9C6F-E153652EEC7E}.Release|Any CPU.Build.0 = Release|Any CPU
		{6E67576B-032C-4AD9-B5D2-0FC07E41CB40}.Debug|Any CPU.ActiveCfg = Debug|Any CPU
		{6E67576B-032C-4AD9-B5D2-0FC07E41CB40}.Debug|Any CPU.Build.0 = Debug|Any CPU
		{6E67576B-032C-4AD9-B5D2-0FC07E41CB40}.Release|Any CPU.ActiveCfg = Release|Any CPU
		{6E67576B-032C-4AD9-B5D2-0FC07E41CB40}.Release|Any CPU.Build.0 = Release|Any CPU
		{506A9B64-BE77-4FF2-984A-99F42A0BFAEE}.Debug|Any CPU.ActiveCfg = Debug|Any CPU
		{506A9B64-BE77-4FF2-984A-99F42A0BFAEE}.Debug|Any CPU.Build.0 = Debug|Any CPU
		{506A9B64-BE77-4FF2-984A-99F42A0BFAEE}.Release|Any CPU.ActiveCfg = Release|Any CPU
		{506A9B64-BE77-4FF2-984A-99F42A0BFAEE}.Release|Any CPU.Build.0 = Release|Any CPU
		{E5F6DCBF-D9CF-4C75-95C8-C249D915F333}.Debug|Any CPU.ActiveCfg = Debug|Any CPU
		{E5F6DCBF-D9CF-4C75-95C8-C249D915F333}.Debug|Any CPU.Build.0 = Debug|Any CPU
		{E5F6DCBF-D9CF-4C75-95C8-C249D915F333}.Release|Any CPU.ActiveCfg = Release|Any CPU
		{E5F6DCBF-D9CF-4C75-95C8-C249D915F333}.Release|Any CPU.Build.0 = Release|Any CPU
		{A0D4135C-F6A0-486E-9140-95ABA0C60176}.Debug|Any CPU.ActiveCfg = Debug|Any CPU
		{A0D4135C-F6A0-486E-9140-95ABA0C60176}.Debug|Any CPU.Build.0 = Debug|Any CPU
		{A0D4135C-F6A0-486E-9140-95ABA0C60176}.Release|Any CPU.ActiveCfg = Release|Any CPU
		{A0D4135C-F6A0-486E-9140-95ABA0C60176}.Release|Any CPU.Build.0 = Release|Any CPU
		{1A5FCD9E-1C89-4438-A8FC-2B3D062D6200}.Debug|Any CPU.ActiveCfg = Debug|Any CPU
		{1A5FCD9E-1C89-4438-A8FC-2B3D062D6200}.Debug|Any CPU.Build.0 = Debug|Any CPU
		{1A5FCD9E-1C89-4438-A8FC-2B3D062D6200}.Release|Any CPU.ActiveCfg = Release|Any CPU
		{1A5FCD9E-1C89-4438-A8FC-2B3D062D6200}.Release|Any CPU.Build.0 = Release|Any CPU
		{12B4D98F-ACFC-4908-972B-8852D73D730C}.Debug|Any CPU.ActiveCfg = Debug|Any CPU
		{12B4D98F-ACFC-4908-972B-8852D73D730C}.Debug|Any CPU.Build.0 = Debug|Any CPU
		{12B4D98F-ACFC-4908-972B-8852D73D730C}.Release|Any CPU.ActiveCfg = Release|Any CPU
		{12B4D98F-ACFC-4908-972B-8852D73D730C}.Release|Any CPU.Build.0 = Release|Any CPU
		{25AA887D-9585-4DC3-8BA0-1074C0842EA1}.Debug|Any CPU.ActiveCfg = Debug|Any CPU
		{25AA887D-9585-4DC3-8BA0-1074C0842EA1}.Debug|Any CPU.Build.0 = Debug|Any CPU
		{25AA887D-9585-4DC3-8BA0-1074C0842EA1}.Release|Any CPU.ActiveCfg = Release|Any CPU
		{25AA887D-9585-4DC3-8BA0-1074C0842EA1}.Release|Any CPU.Build.0 = Release|Any CPU
		{792991B3-DB56-473D-9D79-182D9117DF0E}.Debug|Any CPU.ActiveCfg = Debug|Any CPU
		{792991B3-DB56-473D-9D79-182D9117DF0E}.Debug|Any CPU.Build.0 = Debug|Any CPU
		{792991B3-DB56-473D-9D79-182D9117DF0E}.Release|Any CPU.ActiveCfg = Release|Any CPU
		{792991B3-DB56-473D-9D79-182D9117DF0E}.Release|Any CPU.Build.0 = Release|Any CPU
		{ECFF4288-147E-48DC-A2C0-1736D46D69F9}.Debug|Any CPU.ActiveCfg = Debug|Any CPU
		{ECFF4288-147E-48DC-A2C0-1736D46D69F9}.Debug|Any CPU.Build.0 = Debug|Any CPU
		{ECFF4288-147E-48DC-A2C0-1736D46D69F9}.Release|Any CPU.ActiveCfg = Release|Any CPU
		{ECFF4288-147E-48DC-A2C0-1736D46D69F9}.Release|Any CPU.Build.0 = Release|Any CPU
		{B900CD85-F7B2-44B5-8284-B6581B516787}.Debug|Any CPU.ActiveCfg = Debug|Any CPU
		{B900CD85-F7B2-44B5-8284-B6581B516787}.Debug|Any CPU.Build.0 = Debug|Any CPU
		{B900CD85-F7B2-44B5-8284-B6581B516787}.Release|Any CPU.ActiveCfg = Release|Any CPU
		{B900CD85-F7B2-44B5-8284-B6581B516787}.Release|Any CPU.Build.0 = Release|Any CPU
		{E9A65681-1335-47BD-9D99-F68ED5202062}.Debug|Any CPU.ActiveCfg = Debug|Any CPU
		{E9A65681-1335-47BD-9D99-F68ED5202062}.Debug|Any CPU.Build.0 = Debug|Any CPU
		{E9A65681-1335-47BD-9D99-F68ED5202062}.Release|Any CPU.ActiveCfg = Release|Any CPU
		{E9A65681-1335-47BD-9D99-F68ED5202062}.Release|Any CPU.Build.0 = Release|Any CPU
	EndGlobalSection
	GlobalSection(SolutionProperties) = preSolution
		HideSolutionNode = FALSE
	EndGlobalSection
	GlobalSection(ExtensibilityGlobals) = postSolution
		SolutionGuid = {AE24E706-D048-4C0C-B43B-D11E38A2E686}
	EndGlobalSection
EndGlobal
